// !$*UTF8*$!
{
	archiveVersion = 1;
	classes = {
	};
	objectVersion = 46;
	objects = {

/* Begin PBXBuildFile section */
		8F245D8019FA03430086A4FD /* AppDelegate.swift in Sources */ = {isa = PBXBuildFile; fileRef = 8F245D7F19FA03430086A4FD /* AppDelegate.swift */; };
		8F245D8219FA03430086A4FD /* ViewController.swift in Sources */ = {isa = PBXBuildFile; fileRef = 8F245D8119FA03430086A4FD /* ViewController.swift */; };
		8F245D8519FA03430086A4FD /* Main.storyboard in Resources */ = {isa = PBXBuildFile; fileRef = 8F245D8319FA03430086A4FD /* Main.storyboard */; };
		8F245D8719FA03430086A4FD /* Images.xcassets in Resources */ = {isa = PBXBuildFile; fileRef = 8F245D8619FA03430086A4FD /* Images.xcassets */; };
		8F245D8A19FA03430086A4FD /* LaunchScreen.xib in Resources */ = {isa = PBXBuildFile; fileRef = 8F245D8819FA03430086A4FD /* LaunchScreen.xib */; };
		8F245D9619FA03430086A4FD /* parseOperationTests.swift in Sources */ = {isa = PBXBuildFile; fileRef = 8F245D9519FA03430086A4FD /* parseOperationTests.swift */; };
/* End PBXBuildFile section */

/* Begin PBXContainerItemProxy section */
		8F245D9019FA03430086A4FD /* PBXContainerItemProxy */ = {
			isa = PBXContainerItemProxy;
			containerPortal = 8F245D7219FA03420086A4FD /* Project object */;
			proxyType = 1;
			remoteGlobalIDString = 8F245D7919FA03430086A4FD;
			remoteInfo = parseOperation;
		};
/* End PBXContainerItemProxy section */

/* Begin PBXFileReference section */
		8F245D7A19FA03430086A4FD /* parseOperation.app */ = {isa = PBXFileReference; explicitFileType = wrapper.application; includeInIndex = 0; path = parseOperation.app; sourceTree = BUILT_PRODUCTS_DIR; };
		8F245D7E19FA03430086A4FD /* Info.plist */ = {isa = PBXFileReference; lastKnownFileType = text.plist.xml; path = Info.plist; sourceTree = "<group>"; };
		8F245D7F19FA03430086A4FD /* AppDelegate.swift */ = {isa = PBXFileReference; lastKnownFileType = sourcecode.swift; path = AppDelegate.swift; sourceTree = "<group>"; };
		8F245D8119FA03430086A4FD /* ViewController.swift */ = {isa = PBXFileReference; lastKnownFileType = sourcecode.swift; path = ViewController.swift; sourceTree = "<group>"; };
		8F245D8419FA03430086A4FD /* Base */ = {isa = PBXFileReference; lastKnownFileType = file.storyboard; name = Base; path = Base.lproj/Main.storyboard; sourceTree = "<group>"; };
		8F245D8619FA03430086A4FD /* Images.xcassets */ = {isa = PBXFileReference; lastKnownFileType = folder.assetcatalog; path = Images.xcassets; sourceTree = "<group>"; };
		8F245D8919FA03430086A4FD /* Base */ = {isa = PBXFileReference; lastKnownFileType = file.xib; name = Base; path = Base.lproj/LaunchScreen.xib; sourceTree = "<group>"; };
		8F245D8F19FA03430086A4FD /* parseOperationTests.xctest */ = {isa = PBXFileReference; explicitFileType = wrapper.cfbundle; includeInIndex = 0; path = parseOperationTests.xctest; sourceTree = BUILT_PRODUCTS_DIR; };
		8F245D9419FA03430086A4FD /* Info.plist */ = {isa = PBXFileReference; lastKnownFileType = text.plist.xml; path = Info.plist; sourceTree = "<group>"; };
		8F245D9519FA03430086A4FD /* parseOperationTests.swift */ = {isa = PBXFileReference; lastKnownFileType = sourcecode.swift; path = parseOperationTests.swift; sourceTree = "<group>"; };
/* End PBXFileReference section */

/* Begin PBXFrameworksBuildPhase section */
		8F245D7719FA03430086A4FD /* Frameworks */ = {
			isa = PBXFrameworksBuildPhase;
			buildActionMask = 2147483647;
			files = (
			);
			runOnlyForDeploymentPostprocessing = 0;
		};
		8F245D8C19FA03430086A4FD /* Frameworks */ = {
			isa = PBXFrameworksBuildPhase;
			buildActionMask = 2147483647;
			files = (
			);
			runOnlyForDeploymentPostprocessing = 0;
		};
/* End PBXFrameworksBuildPhase section */

/* Begin PBXGroup section */
		8F245D7119FA03420086A4FD = {
			isa = PBXGroup;
			children = (
				8F245D7C19FA03430086A4FD /* parseOperation */,
				8F245D9219FA03430086A4FD /* parseOperationTests */,
				8F245D7B19FA03430086A4FD /* Products */,
			);
			sourceTree = "<group>";
		};
		8F245D7B19FA03430086A4FD /* Products */ = {
			isa = PBXGroup;
			children = (
				8F245D7A19FA03430086A4FD /* parseOperation.app */,
				8F245D8F19FA03430086A4FD /* parseOperationTests.xctest */,
			);
			name = Products;
			sourceTree = "<group>";
		};
		8F245D7C19FA03430086A4FD /* parseOperation */ = {
			isa = PBXGroup;
			children = (
				8F245D7F19FA03430086A4FD /* AppDelegate.swift */,
				8F245D8119FA03430086A4FD /* ViewController.swift */,
				8F245D8319FA03430086A4FD /* Main.storyboard */,
				8F245D8619FA03430086A4FD /* Images.xcassets */,
				8F245D8819FA03430086A4FD /* LaunchScreen.xib */,
				8F245D7D19FA03430086A4FD /* Supporting Files */,
			);
			path = parseOperation;
			sourceTree = "<group>";
		};
		8F245D7D19FA03430086A4FD /* Supporting Files */ = {
			isa = PBXGroup;
			children = (
				8F245D7E19FA03430086A4FD /* Info.plist */,
			);
			name = "Supporting Files";
			sourceTree = "<group>";
		};
		8F245D9219FA03430086A4FD /* parseOperationTests */ = {
			isa = PBXGroup;
			children = (
				8F245D9519FA03430086A4FD /* parseOperationTests.swift */,
				8F245D9319FA03430086A4FD /* Supporting Files */,
			);
			path = parseOperationTests;
			sourceTree = "<group>";
		};
		8F245D9319FA03430086A4FD /* Supporting Files */ = {
			isa = PBXGroup;
			children = (
				8F245D9419FA03430086A4FD /* Info.plist */,
			);
			name = "Supporting Files";
			sourceTree = "<group>";
		};
/* End PBXGroup section */

/* Begin PBXNativeTarget section */
		8F245D7919FA03430086A4FD /* parseOperation */ = {
			isa = PBXNativeTarget;
			buildConfigurationList = 8F245D9919FA03430086A4FD /* Build configuration list for PBXNativeTarget "parseOperation" */;
			buildPhases = (
				8F245D7619FA03430086A4FD /* Sources */,
				8F245D7719FA03430086A4FD /* Frameworks */,
				8F245D7819FA03430086A4FD /* Resources */,
			);
			buildRules = (
			);
			dependencies = (
			);
			name = parseOperation;
			productName = parseOperation;
			productReference = 8F245D7A19FA03430086A4FD /* parseOperation.app */;
			productType = "com.apple.product-type.application";
		};
		8F245D8E19FA03430086A4FD /* parseOperationTests */ = {
			isa = PBXNativeTarget;
			buildConfigurationList = 8F245D9C19FA03430086A4FD /* Build configuration list for PBXNativeTarget "parseOperationTests" */;
			buildPhases = (
				8F245D8B19FA03430086A4FD /* Sources */,
				8F245D8C19FA03430086A4FD /* Frameworks */,
				8F245D8D19FA03430086A4FD /* Resources */,
			);
			buildRules = (
			);
			dependencies = (
				8F245D9119FA03430086A4FD /* PBXTargetDependency */,
			);
			name = parseOperationTests;
			productName = parseOperationTests;
			productReference = 8F245D8F19FA03430086A4FD /* parseOperationTests.xctest */;
			productType = "com.apple.product-type.bundle.unit-test";
		};
/* End PBXNativeTarget section */

/* Begin PBXProject section */
		8F245D7219FA03420086A4FD /* Project object */ = {
			isa = PBXProject;
			attributes = {
				LastUpgradeCheck = 0610;
				ORGANIZATIONNAME = "Cindy Z";
				TargetAttributes = {
					8F245D7919FA03430086A4FD = {
						CreatedOnToolsVersion = 6.1;
					};
					8F245D8E19FA03430086A4FD = {
						CreatedOnToolsVersion = 6.1;
						TestTargetID = 8F245D7919FA03430086A4FD;
					};
				};
			};
			buildConfigurationList = 8F245D7519FA03420086A4FD /* Build configuration list for PBXProject "parseOperation" */;
			compatibilityVersion = "Xcode 3.2";
			developmentRegion = English;
			hasScannedForEncodings = 0;
			knownRegions = (
				en,
				Base,
			);
			mainGroup = 8F245D7119FA03420086A4FD;
			productRefGroup = 8F245D7B19FA03430086A4FD /* Products */;
			projectDirPath = "";
			projectRoot = "";
			targets = (
				8F245D7919FA03430086A4FD /* parseOperation */,
				8F245D8E19FA03430086A4FD /* parseOperationTests */,
			);
		};
/* End PBXProject section */

/* Begin PBXResourcesBuildPhase section */
		8F245D7819FA03430086A4FD /* Resources */ = {
			isa = PBXResourcesBuildPhase;
			buildActionMask = 2147483647;
			files = (
				8F245D8519FA03430086A4FD /* Main.storyboard in Resources */,
				8F245D8A19FA03430086A4FD /* LaunchScreen.xib in Resources */,
				8F245D8719FA03430086A4FD /* Images.xcassets in Resources */,
			);
			runOnlyForDeploymentPostprocessing = 0;
		};
		8F245D8D19FA03430086A4FD /* Resources */ = {
			isa = PBXResourcesBuildPhase;
			buildActionMask = 2147483647;
			files = (
			);
			runOnlyForDeploymentPostprocessing = 0;
		};
/* End PBXResourcesBuildPhase section */

/* Begin PBXSourcesBuildPhase section */
		8F245D7619FA03430086A4FD /* Sources */ = {
			isa = PBXSourcesBuildPhase;
			buildActionMask = 2147483647;
			files = (
				8F245D8219FA03430086A4FD /* ViewController.swift in Sources */,
				8F245D8019FA03430086A4FD /* AppDelegate.swift in Sources */,
			);
			runOnlyForDeploymentPostprocessing = 0;
		};
		8F245D8B19FA03430086A4FD /* Sources */ = {
			isa = PBXSourcesBuildPhase;
			buildActionMask = 2147483647;
			files = (
				8F245D9619FA03430086A4FD /* parseOperationTests.swift in Sources */,
			);
			runOnlyForDeploymentPostprocessing = 0;
		};
/* End PBXSourcesBuildPhase section */

/* Begin PBXTargetDependency section */
		8F245D9119FA03430086A4FD /* PBXTargetDependency */ = {
			isa = PBXTargetDependency;
			target = 8F245D7919FA03430086A4FD /* parseOperation */;
			targetProxy = 8F245D9019FA03430086A4FD /* PBXContainerItemProxy */;
		};
/* End PBXTargetDependency section */

/* Begin PBXVariantGroup section */
		8F245D8319FA03430086A4FD /* Main.storyboard */ = {
			isa = PBXVariantGroup;
			children = (
				8F245D8419FA03430086A4FD /* Base */,
			);
			name = Main.storyboard;
			sourceTree = "<group>";
		};
		8F245D8819FA03430086A4FD /* LaunchScreen.xib */ = {
			isa = PBXVariantGroup;
			children = (
				8F245D8919FA03430086A4FD /* Base */,
			);
			name = LaunchScreen.xib;
			sourceTree = "<group>";
		};
/* End PBXVariantGroup section */

/* Begin XCBuildConfiguration section */
		8F245D9719FA03430086A4FD /* Debug */ = {
			isa = XCBuildConfiguration;
			buildSettings = {
				ALWAYS_SEARCH_USER_PATHS = NO;
				CLANG_CXX_LANGUAGE_STANDARD = "gnu++0x";
				CLANG_CXX_LIBRARY = "libc++";
				CLANG_ENABLE_MODULES = YES;
				CLANG_ENABLE_OBJC_ARC = YES;
				CLANG_WARN_BOOL_CONVERSION = YES;
				CLANG_WARN_CONSTANT_CONVERSION = YES;
				CLANG_WARN_DIRECT_OBJC_ISA_USAGE = YES_ERROR;
				CLANG_WARN_EMPTY_BODY = YES;
				CLANG_WARN_ENUM_CONVERSION = YES;
				CLANG_WARN_INT_CONVERSION = YES;
				CLANG_WARN_OBJC_ROOT_CLASS = YES_ERROR;
				CLANG_WARN_UNREACHABLE_CODE = YES;
				CLANG_WARN__DUPLICATE_METHOD_MATCH = YES;
				"CODE_SIGN_IDENTITY[sdk=iphoneos*]" = "iPhone Developer";
				COPY_PHASE_STRIP = NO;
				ENABLE_STRICT_OBJC_MSGSEND = YES;
				GCC_C_LANGUAGE_STANDARD = gnu99;
				GCC_DYNAMIC_NO_PIC = NO;
				GCC_OPTIMIZATION_LEVEL = 0;
				GCC_PREPROCESSOR_DEFINITIONS = (
					"DEBUG=1",
					"$(inherited)",
				);
				GCC_SYMBOLS_PRIVATE_EXTERN = NO;
				GCC_WARN_64_TO_32_BIT_CONVERSION = YES;
				GCC_WARN_ABOUT_RETURN_TYPE = YES_ERROR;
				GCC_WARN_UNDECLARED_SELECTOR = YES;
				GCC_WARN_UNINITIALIZED_AUTOS = YES_AGGRESSIVE;
				GCC_WARN_UNUSED_FUNCTION = YES;
				GCC_WARN_UNUSED_VARIABLE = YES;
				IPHONEOS_DEPLOYMENT_TARGET = 8.1;
				MTL_ENABLE_DEBUG_INFO = YES;
				ONLY_ACTIVE_ARCH = YES;
				SDKROOT = iphoneos;
				SWIFT_OPTIMIZATION_LEVEL = "-Onone";
			};
			name = Debug;
		};
		8F245D9819FA03430086A4FD /* Release */ = {
			isa = XCBuildConfiguration;
			buildSettings = {
				ALWAYS_SEARCH_USER_PATHS = NO;
				CLANG_CXX_LANGUAGE_STANDARD = "gnu++0x";
				CLANG_CXX_LIBRARY = "libc++";
				CLANG_ENABLE_MODULES = YES;
				CLANG_ENABLE_OBJC_ARC = YES;
				CLANG_WARN_BOOL_CONVERSION = YES;
				CLANG_WARN_CONSTANT_CONVERSION = YES;
				CLANG_WARN_DIRECT_OBJC_ISA_USAGE = YES_ERROR;
				CLANG_WARN_EMPTY_BODY = YES;
				CLANG_WARN_ENUM_CONVERSION = YES;
				CLANG_WARN_INT_CONVERSION = YES;
				CLANG_WARN_OBJC_ROOT_CLASS = YES_ERROR;
				CLANG_WARN_UNREACHABLE_CODE = YES;
				CLANG_WARN__DUPLICATE_METHOD_MATCH = YES;
				"CODE_SIGN_IDENTITY[sdk=iphoneos*]" = "iPhone Developer";
				COPY_PHASE_STRIP = YES;
				ENABLE_NS_ASSERTIONS = NO;
				ENABLE_STRICT_OBJC_MSGSEND = YES;
				GCC_C_LANGUAGE_STANDARD = gnu99;
				GCC_WARN_64_TO_32_BIT_CONVERSION = YES;
				GCC_WARN_ABOUT_RETURN_TYPE = YES_ERROR;
				GCC_WARN_UNDECLARED_SELECTOR = YES;
				GCC_WARN_UNINITIALIZED_AUTOS = YES_AGGRESSIVE;
				GCC_WARN_UNUSED_FUNCTION = YES;
				GCC_WARN_UNUSED_VARIABLE = YES;
				IPHONEOS_DEPLOYMENT_TARGET = 8.1;
				MTL_ENABLE_DEBUG_INFO = NO;
				SDKROOT = iphoneos;
				VALIDATE_PRODUCT = YES;
			};
			name = Release;
		};
		8F245D9A19FA03430086A4FD /* Debug */ = {
			isa = XCBuildConfiguration;
			buildSettings = {
				ASSETCATALOG_COMPILER_APPICON_NAME = AppIcon;
				INFOPLIST_FILE = parseOperation/Info.plist;
				LD_RUNPATH_SEARCH_PATHS = "$(inherited) @executable_path/Frameworks";
				PRODUCT_NAME = "$(TARGET_NAME)";
			};
			name = Debug;
		};
		8F245D9B19FA03430086A4FD /* Release */ = {
			isa = XCBuildConfiguration;
			buildSettings = {
				ASSETCATALOG_COMPILER_APPICON_NAME = AppIcon;
				INFOPLIST_FILE = parseOperation/Info.plist;
				LD_RUNPATH_SEARCH_PATHS = "$(inherited) @executable_path/Frameworks";
				PRODUCT_NAME = "$(TARGET_NAME)";
			};
			name = Release;
		};
		8F245D9D19FA03430086A4FD /* Debug */ = {
			isa = XCBuildConfiguration;
			buildSettings = {
				BUNDLE_LOADER = "$(TEST_HOST)";
				FRAMEWORK_SEARCH_PATHS = (
					"$(SDKROOT)/Developer/Library/Frameworks",
					"$(inherited)",
				);
				GCC_PREPROCESSOR_DEFINITIONS = (
					"DEBUG=1",
					"$(inherited)",
				);
				INFOPLIST_FILE = parseOperationTests/Info.plist;
				LD_RUNPATH_SEARCH_PATHS = "$(inherited) @executable_path/Frameworks @loader_path/Frameworks";
				PRODUCT_NAME = "$(TARGET_NAME)";
				TEST_HOST = "$(BUILT_PRODUCTS_DIR)/parseOperation.app/parseOperation";
			};
			name = Debug;
		};
		8F245D9E19FA03430086A4FD /* Release */ = {
			isa = XCBuildConfiguration;
			buildSettings = {
				BUNDLE_LOADER = "$(TEST_HOST)";
				FRAMEWORK_SEARCH_PATHS = (
					"$(SDKROOT)/Developer/Library/Frameworks",
					"$(inherited)",
				);
				INFOPLIST_FILE = parseOperationTests/Info.plist;
				LD_RUNPATH_SEARCH_PATHS = "$(inherited) @executable_path/Frameworks @loader_path/Frameworks";
				PRODUCT_NAME = "$(TARGET_NAME)";
				TEST_HOST = "$(BUILT_PRODUCTS_DIR)/parseOperation.app/parseOperation";
			};
			name = Release;
		};
/* End XCBuildConfiguration section */

/* Begin XCConfigurationList section */
		8F245D7519FA03420086A4FD /* Build configuration list for PBXProject "parseOperation" */ = {
			isa = XCConfigurationList;
			buildConfigurations = (
				8F245D9719FA03430086A4FD /* Debug */,
				8F245D9819FA03430086A4FD /* Release */,
			);
			defaultConfigurationIsVisible = 0;
			defaultConfigurationName = Release;
		};
		8F245D9919FA03430086A4FD /* Build configuration list for PBXNativeTarget "parseOperation" */ = {
			isa = XCConfigurationList;
			buildConfigurations = (
				8F245D9A19FA03430086A4FD /* Debug */,
				8F245D9B19FA03430086A4FD /* Release */,
			);
			defaultConfigurationIsVisible = 0;
		};
		8F245D9C19FA03430086A4FD /* Build configuration list for PBXNativeTarget "parseOperationTests" */ = {
			isa = XCConfigurationList;
			buildConfigurations = (
				8F245D9D19FA03430086A4FD /* Debug */,
				8F245D9E19FA03430086A4FD /* Release */,
			);
			defaultConfigurationIsVisible = 0;
		};
/* End XCConfigurationList section */
	};
	rootObject = 8F245D7219FA03420086A4FD /* Project object */;
}
